
Microsoft Visual Studio Solution File, Format Version 12.00
# Visual Studio Version 17
VisualStudioVersion = 17.14.36414.22
MinimumVisualStudioVersion = 10.0.40219.1
Project("{FAE04EC0-301F-11D3-BF4B-00C04F79EFBC}") = "aDealerEDVMS.Repository.ToanHH", "aDealerEDVMS.Repository.ToanHH\aDealerEDVMS.Repository.ToanHH.csproj", "{3C138801-F28F-AAB3-560A-1C4852AC9CD6}"
EndProject
Project("{FAE04EC0-301F-11D3-BF4B-00C04F79EFBC}") = "aDealerEDVMS.Service.ToanHH", "aDealerEDVMS.Service.ToanHH\aDealerEDVMS.Service.ToanHH.csproj", "{8CAD3706-9F88-4BAA-5B8F-5BF74A7CE240}"
EndProject
Project("{FAE04EC0-301F-11D3-BF4B-00C04F79EFBC}") = "aDealer.BlazorWebApp.ToanHH", "aDealer.BlazorWebApp.ToanHH\aDealer.BlazorWebApp.ToanHH.csproj", "{16919150-0F94-4375-93D3-CEFF95FE95D4}"
EndProject
Global
	GlobalSection(SolutionConfigurationPlatforms) = preSolution
		Debug|Any CPU = Debug|Any CPU
		Release|Any CPU = Release|Any CPU
	EndGlobalSection
	GlobalSection(ProjectConfigurationPlatforms) = postSolution
		{3C138801-F28F-AAB3-560A-1C4852AC9CD6}.Debug|Any CPU.ActiveCfg = Debug|Any CPU
		{3C138801-F28F-AAB3-560A-1C4852AC9CD6}.Debug|Any CPU.Build.0 = Debug|Any CPU
		{3C138801-F28F-AAB3-560A-1C4852AC9CD6}.Release|Any CPU.ActiveCfg = Release|Any CPU
		{3C138801-F28F-AAB3-560A-1C4852AC9CD6}.Release|Any CPU.Build.0 = Release|Any CPU
		{8CAD3706-9F88-4BAA-5B8F-5BF74A7CE240}.Debug|Any CPU.ActiveCfg = Debug|Any CPU
		{8CAD3706-9F88-4BAA-5B8F-5BF74A7CE240}.Debug|Any CPU.Build.0 = Debug|Any CPU
		{8CAD3706-9F88-4BAA-5B8F-5BF74A7CE240}.Release|Any CPU.ActiveCfg = Release|Any CPU
		{8CAD3706-9F88-4BAA-5B8F-5BF74A7CE240}.Release|Any CPU.Build.0 = Release|Any CPU
		{16919150-0F94-4375-93D3-CEFF95FE95D4}.Debug|Any CPU.ActiveCfg = Debug|Any CPU
		{16919150-0F94-4375-93D3-CEFF95FE95D4}.Debug|Any CPU.Build.0 = Debug|Any CPU
		{16919150-0F94-4375-93D3-CEFF95FE95D4}.Release|Any CPU.ActiveCfg = Release|Any CPU
		{16919150-0F94-4375-93D3-CEFF95FE95D4}.Release|Any CPU.Build.0 = Release|Any CPU
	EndGlobalSection
	GlobalSection(SolutionProperties) = preSolution
		HideSolutionNode = FALSE
	EndGlobalSection
	GlobalSection(ExtensibilityGlobals) = postSolution
		SolutionGuid = {D6BACC14-E72A-4D5D-830C-899AB10883CC}
	EndGlobalSection
EndGlobal
